
Microsoft Visual Studio Solution File, Format Version 12.00
# Visual Studio Version 16
VisualStudioVersion = 16.0.30114.105
MinimumVisualStudioVersion = 10.0.40219.1
Project("{2150E333-8FDC-42A3-9474-1A3956D46DE8}") = "src", "src", "{D73AB419-556B-4EB5-8FE1-B6D0FBA487CE}"
EndProject
Project("{FAE04EC0-301F-11D3-BF4B-00C04F79EFBC}") = "MainProject", "src\MainProject\MainProject.csproj", "{1AB1AA49-E0A7-4DBE-BFDA-AD373C54D2D7}"
EndProject
Project("{FAE04EC0-301F-11D3-BF4B-00C04F79EFBC}") = "ReferencedProject", "src\ReferencedProject\ReferencedProject.csproj", "{DD954023-8AC4-4A4E-A8BE-707780522F88}"
EndProject
Global
	GlobalSection(SolutionConfigurationPlatforms) = preSolution
		Debug|Any CPU = Debug|Any CPU
		Release|Any CPU = Release|Any CPU
	EndGlobalSection
	GlobalSection(SolutionProperties) = preSolution
		HideSolutionNode = FALSE
	EndGlobalSection
	GlobalSection(ProjectConfigurationPlatforms) = postSolution
		{1AB1AA49-E0A7-4DBE-BFDA-AD373C54D2D7}.Debug|Any CPU.ActiveCfg = Debug|Any CPU
		{1AB1AA49-E0A7-4DBE-BFDA-AD373C54D2D7}.Debug|Any CPU.Build.0 = Debug|Any CPU
		{1AB1AA49-E0A7-4DBE-BFDA-AD373C54D2D7}.Release|Any CPU.ActiveCfg = Release|Any CPU
		{1AB1AA49-E0A7-4DBE-BFDA-AD373C54D2D7}.Release|Any CPU.Build.0 = Release|Any CPU
		{DD954023-8AC4-4A4E-A8BE-707780522F88}.Debug|Any CPU.ActiveCfg = Debug|Any CPU
		{DD954023-8AC4-4A4E-A8BE-707780522F88}.Debug|Any CPU.Build.0 = Debug|Any CPU
		{DD954023-8AC4-4A4E-A8BE-707780522F88}.Release|Any CPU.ActiveCfg = Release|Any CPU
		{DD954023-8AC4-4A4E-A8BE-707780522F88}.Release|Any CPU.Build.0 = Release|Any CPU
	EndGlobalSection
	GlobalSection(NestedProjects) = preSolution
		{1AB1AA49-E0A7-4DBE-BFDA-AD373C54D2D7} = {D73AB419-556B-4EB5-8FE1-B6D0FBA487CE}
		{DD954023-8AC4-4A4E-A8BE-707780522F88} = {D73AB419-556B-4EB5-8FE1-B6D0FBA487CE}
	EndGlobalSection
EndGlobal
